
Microsoft Visual Studio Solution File, Format Version 12.00
# Visual Studio Version 17
VisualStudioVersion = 17.11.35312.102
MinimumVisualStudioVersion = 10.0.40219.1
Project("{FAE04EC0-301F-11D3-BF4B-00C04F79EFBC}") = "DiamondCharacter.Domain", "DiamondCharacter.Domain\DiamondCharacter.Domain.csproj", "{683A9538-601A-4390-9B9B-14A583D1E04C}"
EndProject
Project("{FAE04EC0-301F-11D3-BF4B-00C04F79EFBC}") = "DiamondCharacter.Test", "DiamondCharacter.Test\DiamondCharacter.Test.csproj", "{BBC5AD95-6E32-4C9F-BED0-D02384D13A87}"
EndProject
Project("{FAE04EC0-301F-11D3-BF4B-00C04F79EFBC}") = "DiamondCharacter.ConsoleApp", "DiamondCharacter.ConsoleApp\DiamondCharacter.ConsoleApp.csproj", "{45A0209B-2C86-40EF-A2C3-09D291440A1E}"
EndProject
Global
	GlobalSection(SolutionConfigurationPlatforms) = preSolution
		Debug|Any CPU = Debug|Any CPU
		Release|Any CPU = Release|Any CPU
	EndGlobalSection
	GlobalSection(ProjectConfigurationPlatforms) = postSolution
		{683A9538-601A-4390-9B9B-14A583D1E04C}.Debug|Any CPU.ActiveCfg = Debug|Any CPU
		{683A9538-601A-4390-9B9B-14A583D1E04C}.Debug|Any CPU.Build.0 = Debug|Any CPU
		{683A9538-601A-4390-9B9B-14A583D1E04C}.Release|Any CPU.ActiveCfg = Release|Any CPU
		{683A9538-601A-4390-9B9B-14A583D1E04C}.Release|Any CPU.Build.0 = Release|Any CPU
		{BBC5AD95-6E32-4C9F-BED0-D02384D13A87}.Debug|Any CPU.ActiveCfg = Debug|Any CPU
		{BBC5AD95-6E32-4C9F-BED0-D02384D13A87}.Debug|Any CPU.Build.0 = Debug|Any CPU
		{BBC5AD95-6E32-4C9F-BED0-D02384D13A87}.Release|Any CPU.ActiveCfg = Release|Any CPU
		{BBC5AD95-6E32-4C9F-BED0-D02384D13A87}.Release|Any CPU.Build.0 = Release|Any CPU
		{45A0209B-2C86-40EF-A2C3-09D291440A1E}.Debug|Any CPU.ActiveCfg = Debug|Any CPU
		{45A0209B-2C86-40EF-A2C3-09D291440A1E}.Debug|Any CPU.Build.0 = Debug|Any CPU
		{45A0209B-2C86-40EF-A2C3-09D291440A1E}.Release|Any CPU.ActiveCfg = Release|Any CPU
		{45A0209B-2C86-40EF-A2C3-09D291440A1E}.Release|Any CPU.Build.0 = Release|Any CPU
	EndGlobalSection
	GlobalSection(SolutionProperties) = preSolution
		HideSolutionNode = FALSE
	EndGlobalSection
	GlobalSection(ExtensibilityGlobals) = postSolution
		SolutionGuid = {D17CA142-4B95-4916-817A-FD461974FC51}
	EndGlobalSection
EndGlobal
